<?xml version="1.0" encoding="UTF-8" standalone="yes" ?>
<CodeBlocks_project_file>
	<FileVersion major="1" minor="6" />
	<Project>
		<Option title="5103-Process Scheduler" />
		<Option makefile_is_custom="1" />
		<Option pch_mode="2" />
		<Option compiler="gcc" />
		<Build>
			<Target title="Debug">
				<Option output="bin/5103-Process Scheduler" prefix_auto="1" extension_auto="1" />
				<Option object_output="obj/" />
				<Option type="1" />
				<Option compiler="gcc" />
				<Compiler>
					<Add option="-g" />
				</Compiler>
			</Target>
			<Target title="Release">
				<Option output="bin/5103-Process Scheduler" prefix_auto="1" extension_auto="1" />
				<Option object_output="obj/" />
				<Option type="1" />
				<Option compiler="gcc" />
				<Compiler>
					<Add option="-O2" />
				</Compiler>
				<Linker>
					<Add option="-s" />
				</Linker>
			</Target>
			<Target title="all">
				<Option output="./bin/init" prefix_auto="1" extension_auto="1" />
				<Option working_dir="./bin" />
				<Option type="1" />
				<Option compiler="gcc" />
			</Target>
		</Build>
		<Compiler>
			<Add option="-Wall" />
		</Compiler>
		<Unit filename="bin/main.trace" />
		<Unit filename="bin/proc1.trace" />
		<Unit filename="bin/proc2.trace" />
		<Unit filename="bin/proc3.trace" />
		<Unit filename="include/cpu.h">
			<Option target="Debug" />
			<Option target="Release" />
		</Unit>
		<Unit filename="include/devices/abstract_device.h">
			<Option target="Debug" />
			<Option target="Release" />
		</Unit>
		<Unit filename="include/devices/block_device.h">
			<Option target="Debug" />
			<Option target="Release" />
		</Unit>
		<Unit filename="include/devices/char_device.h">
			<Option target="Debug" />
			<Option target="Release" />
		</Unit>
		<Unit filename="include/devices/clock_device.h">
			<Option target="Debug" />
			<Option target="Release" />
		</Unit>
		<Unit filename="include/devices/queued_device.h">
			<Option target="Debug" />
			<Option target="Release" />
		</Unit>
		<Unit filename="include/init.h">
			<Option target="Debug" />
			<Option target="Release" />
		</Unit>
		<Unit filename="include/kernel.h">
			<Option target="Debug" />
			<Option target="Release" />
		</Unit>
		<Unit filename="include/process.h">
			<Option target="Debug" />
			<Option target="Release" />
		</Unit>
		<Unit filename="include/scheduler/fcfs.h">
			<Option target="Debug" />
			<Option target="Release" />
		</Unit>
		<Unit filename="include/scheduler/lottery.h">
			<Option target="Debug" />
			<Option target="Release" />
		</Unit>
		<Unit filename="include/scheduler/round_robin.h">
			<Option target="Debug" />
			<Option target="Release" />
		</Unit>
		<Unit filename="include/scheduler/scheduler.h">
			<Option target="Debug" />
			<Option target="Release" />
		</Unit>
		<Unit filename="include/top.h" />
		<Unit filename="include/utility/id.h">
			<Option target="Debug" />
			<Option target="Release" />
		</Unit>
		<Unit filename="include/utility/logger.h">
			<Option target="Debug" />
			<Option target="Release" />
		</Unit>
		<Unit filename="include/utility/process_logger.h">
			<Option target="Debug" />
			<Option target="Release" />
		</Unit>
		<Unit filename="src/cpu.cpp">
			<Option target="Debug" />
			<Option target="Release" />
		</Unit>
		<Unit filename="src/devices/abstract_device.cpp">
			<Option target="Debug" />
			<Option target="Release" />
		</Unit>
		<Unit filename="src/devices/block_device.cpp">
			<Option target="Debug" />
			<Option target="Release" />
		</Unit>
		<Unit filename="src/devices/char_device.cpp">
			<Option target="Debug" />
			<Option target="Release" />
		</Unit>
		<Unit filename="src/devices/clock_device.cpp">
			<Option target="Debug" />
			<Option target="Release" />
		</Unit>
		<Unit filename="src/devices/queued_device.cpp">
			<Option target="Debug" />
			<Option target="Release" />
		</Unit>
		<Unit filename="src/init.cpp">
			<Option target="Debug" />
			<Option target="Release" />
		</Unit>
		<Unit filename="src/kernel.cpp">
			<Option target="Debug" />
			<Option target="Release" />
		</Unit>
		<Unit filename="src/scheduler/fcfs.cpp">
			<Option target="Debug" />
			<Option target="Release" />
		</Unit>
		<Unit filename="src/scheduler/lottery.cpp">
			<Option target="Debug" />
			<Option target="Release" />
		</Unit>
		<Unit filename="src/scheduler/round_robin.cpp">
			<Option target="Debug" />
			<Option target="Release" />
		</Unit>
		<Unit filename="src/scheduler/scheduler.cpp">
			<Option target="Debug" />
			<Option target="Release" />
		</Unit>
		<Unit filename="src/top.cpp" />
		<Unit filename="src/utility/id.cpp">
			<Option target="Debug" />
			<Option target="Release" />
		</Unit>
		<Unit filename="src/utility/logger.cpp">
			<Option target="Debug" />
			<Option target="Release" />
		</Unit>
		<Unit filename="src/utility/process_logger.cpp">
			<Option target="Debug" />
			<Option target="Release" />
		</Unit>
		<Unit filename="src/utility/test_name_socket.cpp" />
		<Extensions>
			<code_completion />
			<envvars />
			<lib_finder disable_auto="1" />
			<debugger />
		</Extensions>
	</Project>
</CodeBlocks_project_file>
